
Microsoft Visual Studio Solution File, Format Version 12.00
# Visual Studio Version 17
VisualStudioVersion = 17.11.35303.130
MinimumVisualStudioVersion = 10.0.40219.1
Project("{9A19103F-16F7-4668-BE54-9A1E7A4F7556}") = "CosplayRettingWebsite", "CosplayRettingWebsite\CosplayRettingWebsite.csproj", "{01CA77B6-E192-4762-99E1-5291E0A0DC79}"
EndProject
Project("{9A19103F-16F7-4668-BE54-9A1E7A4F7556}") = "Data", "Data\Data.csproj", "{D12B95AE-8840-48D0-834F-1529E07B22F5}"
EndProject
Project("{FAE04EC0-301F-11D3-BF4B-00C04F79EFBC}") = "Infactructure", "Infactructure\Infactructure.csproj", "{8C8EDE78-5CE6-4A23-A167-C3A10303014C}"
EndProject
Project("{FAE04EC0-301F-11D3-BF4B-00C04F79EFBC}") = "Application", "Application\Application.csproj", "{2BB6401D-C041-44AA-82F8-099E181CFA25}"
EndProject
Global
	GlobalSection(SolutionConfigurationPlatforms) = preSolution
		Debug|Any CPU = Debug|Any CPU
		Release|Any CPU = Release|Any CPU
	EndGlobalSection
	GlobalSection(ProjectConfigurationPlatforms) = postSolution
		{01CA77B6-E192-4762-99E1-5291E0A0DC79}.Debug|Any CPU.ActiveCfg = Debug|Any CPU
		{01CA77B6-E192-4762-99E1-5291E0A0DC79}.Debug|Any CPU.Build.0 = Debug|Any CPU
		{01CA77B6-E192-4762-99E1-5291E0A0DC79}.Release|Any CPU.ActiveCfg = Release|Any CPU
		{01CA77B6-E192-4762-99E1-5291E0A0DC79}.Release|Any CPU.Build.0 = Release|Any CPU
		{D12B95AE-8840-48D0-834F-1529E07B22F5}.Debug|Any CPU.ActiveCfg = Debug|Any CPU
		{D12B95AE-8840-48D0-834F-1529E07B22F5}.Debug|Any CPU.Build.0 = Debug|Any CPU
		{D12B95AE-8840-48D0-834F-1529E07B22F5}.Release|Any CPU.ActiveCfg = Release|Any CPU
		{D12B95AE-8840-48D0-834F-1529E07B22F5}.Release|Any CPU.Build.0 = Release|Any CPU
		{8C8EDE78-5CE6-4A23-A167-C3A10303014C}.Debug|Any CPU.ActiveCfg = Debug|Any CPU
		{8C8EDE78-5CE6-4A23-A167-C3A10303014C}.Debug|Any CPU.Build.0 = Debug|Any CPU
		{8C8EDE78-5CE6-4A23-A167-C3A10303014C}.Release|Any CPU.ActiveCfg = Release|Any CPU
		{8C8EDE78-5CE6-4A23-A167-C3A10303014C}.Release|Any CPU.Build.0 = Release|Any CPU
		{2BB6401D-C041-44AA-82F8-099E181CFA25}.Debug|Any CPU.ActiveCfg = Debug|Any CPU
		{2BB6401D-C041-44AA-82F8-099E181CFA25}.Debug|Any CPU.Build.0 = Debug|Any CPU
		{2BB6401D-C041-44AA-82F8-099E181CFA25}.Release|Any CPU.ActiveCfg = Release|Any CPU
		{2BB6401D-C041-44AA-82F8-099E181CFA25}.Release|Any CPU.Build.0 = Release|Any CPU
	EndGlobalSection
	GlobalSection(SolutionProperties) = preSolution
		HideSolutionNode = FALSE
	EndGlobalSection
	GlobalSection(ExtensibilityGlobals) = postSolution
		SolutionGuid = {87DEC46E-2E25-463B-ADF8-F774BB0E815B}
	EndGlobalSection
EndGlobal
